<?xml version="1.0" encoding="utf-8"?>
<Project ToolsVersion="4.0" xmlns="http://schemas.microsoft.com/developer/msbuild/2003">
  <ItemGroup>
    <Filter Include="Direct3D">
      <UniqueIdentifier>{45a97d6f-b4ec-49d9-aa2e-456affcf6949}</UniqueIdentifier>
    </Filter>
    <Filter Include="OpenGL">
      <UniqueIdentifier>{7b7cf3be-5999-4a85-92dc-43af84fca5b3}</UniqueIdentifier>
    </Filter>
    <Filter Include="Windows">
      <UniqueIdentifier>{2840c2fa-29d9-4992-9d4e-3efb9129cd5f}</UniqueIdentifier>
    </Filter>
  </ItemGroup>
  <ItemGroup>
    <ClCompile Include="cConstantBuffer.cpp" />
    <ClCompile Include="cRenderState.cpp" />
    <ClCompile Include="cShader.cpp" />
    <ClCompile Include="cVertexFormat.cpp" />
    <ClCompile Include="sContext.cpp" />
    <ClCompile Include="Direct3D\cConstantBuffer.d3d.cpp">
      <Filter>Direct3D</Filter>
    </ClCompile>
    <ClCompile Include="Direct3D\cRenderState.d3d.cpp">
      <Filter>Direct3D</Filter>
    </ClCompile>
    <ClCompile Include="Direct3D\cShader.d3d.cpp">
      <Filter>Direct3D</Filter>
    </ClCompile>
    <ClCompile Include="Direct3D\cVertexFormat.d3d.cpp">
      <Filter>Direct3D</Filter>
    </ClCompile>
    <ClCompile Include="Direct3D\Graphics.d3d.cpp">
      <Filter>Direct3D</Filter>
    </ClCompile>
    <ClCompile Include="Direct3D\sContext.d3d.cpp">
      <Filter>Direct3D</Filter>
    </ClCompile>
    <ClCompile Include="OpenGL\cConstantBuffer.gl.cpp">
      <Filter>OpenGL</Filter>
    </ClCompile>
    <ClCompile Include="OpenGL\cRenderState.gl.cpp">
      <Filter>OpenGL</Filter>
    </ClCompile>
    <ClCompile Include="OpenGL\cShader.gl.cpp">
      <Filter>OpenGL</Filter>
    </ClCompile>
    <ClCompile Include="OpenGL\cVertexFormat.gl.cpp">
      <Filter>OpenGL</Filter>
    </ClCompile>
    <ClCompile Include="OpenGL\Graphics.gl.cpp">
      <Filter>OpenGL</Filter>
    </ClCompile>
    <ClCompile Include="OpenGL\sContext.gl.cpp">
      <Filter>OpenGL</Filter>
    </ClCompile>
    <ClCompile Include="OpenGL\Mesh.gl.cpp">
      <Filter>OpenGL</Filter>
    </ClCompile>
    <ClCompile Include="Direct3D\Mesh.d3d.cpp">
      <Filter>Direct3D</Filter>
    </ClCompile>
    <ClCompile Include="OpenGL\Effect.gl.cpp">
      <Filter>OpenGL</Filter>
    </ClCompile>
    <ClCompile Include="Direct3D\Effect.d3d.cpp">
      <Filter>Direct3D</Filter>
    </ClCompile>
    <ClCompile Include="Graphics.cpp" />
    <ClCompile Include="Direct3D\View.d3d.cpp">
      <Filter>Direct3D</Filter>
    </ClCompile>
    <ClCompile Include="OpenGL\View.gl.cpp">
      <Filter>OpenGL</Filter>
    </ClCompile>
    <ClCompile Include="OpenGL\BufferManager.gl.cpp">
      <Filter>OpenGL</Filter>
    </ClCompile>
    <ClCompile Include="Direct3D\BufferManager.d3d.cpp">
      <Filter>Direct3D</Filter>
    </ClCompile>
    <ClCompile Include="Mesh.cpp" />
    <ClCompile Include="Effect.cpp" />
    <ClCompile Include="BufferManager.cpp" />
    <ClCompile Include="MeshLoader.cpp" />
  </ItemGroup>
  <ItemGroup>
    <ClInclude Include="cConstantBuffer.h" />
    <ClInclude Include="Configuration.h" />
    <ClInclude Include="ConstantBufferFormats.h" />
    <ClInclude Include="cRenderState.h" />
    <ClInclude Include="cShader.h" />
    <ClInclude Include="cVertexFormat.h" />
    <ClInclude Include="Graphics.h" />
    <ClInclude Include="sContext.h" />
    <ClInclude Include="VertexFormats.h" />
    <ClInclude Include="Direct3D\Includes.h">
      <Filter>Direct3D</Filter>
    </ClInclude>
    <ClInclude Include="Windows\ExternalLibraries.win.h">
      <Filter>Windows</Filter>
    </ClInclude>
    <ClInclude Include="OpenGL\Includes.h">
      <Filter>OpenGL</Filter>
    </ClInclude>
    <ClInclude Include="Mesh.h" />
    <ClInclude Include="Effect.h" />
    <ClInclude Include="View.h" />
    <ClInclude Include="BufferManager.h" />
    <ClInclude Include="RenderObject.h" />
    <ClInclude Include="MeshLoader.h" />
  </ItemGroup>
  <ItemGroup>
    <None Include="cRenderState.inl" />
  </ItemGroup>
</Project>